
Microsoft Visual Studio Solution File, Format Version 12.00
# Visual Studio 15
Project("{FAE04EC0-301F-11D3-BF4B-00C04F79EFBC}") = "Assembly-CSharp-firstpass", "Assembly-CSharp-firstpass.csproj", "{CE602CB7-0F5A-A0D9-4FD2-4124C1B65D33}"
EndProject
Project("{FAE04EC0-301F-11D3-BF4B-00C04F79EFBC}") = "Assembly-CSharp", "Assembly-CSharp.csproj", "{319AAEE9-F5D9-4E90-E14B-1F277FBFA0A6}"
EndProject
Project("{FAE04EC0-301F-11D3-BF4B-00C04F79EFBC}") = "Assembly-CSharp-Editor-firstpass", "Assembly-CSharp-Editor-firstpass.csproj", "{5E6AAEFC-0216-BFD3-25DA-1B4C549E6393}"
EndProject
Global
	GlobalSection(SolutionConfigurationPlatforms) = preSolution
		Debug|Any CPU = Debug|Any CPU
		Release|Any CPU = Release|Any CPU
	EndGlobalSection
	GlobalSection(ProjectConfigurationPlatforms) = postSolution
		{CE602CB7-0F5A-A0D9-4FD2-4124C1B65D33}.Debug|Any CPU.ActiveCfg = Debug|Any CPU
		{CE602CB7-0F5A-A0D9-4FD2-4124C1B65D33}.Debug|Any CPU.Build.0 = Debug|Any CPU
		{CE602CB7-0F5A-A0D9-4FD2-4124C1B65D33}.Release|Any CPU.ActiveCfg = Release|Any CPU
		{CE602CB7-0F5A-A0D9-4FD2-4124C1B65D33}.Release|Any CPU.Build.0 = Release|Any CPU
		{319AAEE9-F5D9-4E90-E14B-1F277FBFA0A6}.Debug|Any CPU.ActiveCfg = Debug|Any CPU
		{319AAEE9-F5D9-4E90-E14B-1F277FBFA0A6}.Debug|Any CPU.Build.0 = Debug|Any CPU
		{319AAEE9-F5D9-4E90-E14B-1F277FBFA0A6}.Release|Any CPU.ActiveCfg = Release|Any CPU
		{319AAEE9-F5D9-4E90-E14B-1F277FBFA0A6}.Release|Any CPU.Build.0 = Release|Any CPU
		{5E6AAEFC-0216-BFD3-25DA-1B4C549E6393}.Debug|Any CPU.ActiveCfg = Debug|Any CPU
		{5E6AAEFC-0216-BFD3-25DA-1B4C549E6393}.Debug|Any CPU.Build.0 = Debug|Any CPU
		{5E6AAEFC-0216-BFD3-25DA-1B4C549E6393}.Release|Any CPU.ActiveCfg = Release|Any CPU
		{5E6AAEFC-0216-BFD3-25DA-1B4C549E6393}.Release|Any CPU.Build.0 = Release|Any CPU
	EndGlobalSection
	GlobalSection(SolutionProperties) = preSolution
		HideSolutionNode = FALSE
	EndGlobalSection
EndGlobal
